
Microsoft Visual Studio Solution File, Format Version 12.00
# Visual Studio Version 17
VisualStudioVersion = 17.7.34221.43
MinimumVisualStudioVersion = 10.0.40219.1
Project("{FAE04EC0-301F-11D3-BF4B-00C04F79EFBC}") = "StackCalculatorApp.Client", "StackCalculatorApp\StackCalculatorApp.Client.csproj", "{44E14542-C141-4F79-AF94-FA92947C8037}"
EndProject
Project("{FAE04EC0-301F-11D3-BF4B-00C04F79EFBC}") = "StackCalculatorApp.Library", "StackCalculatorApp.Library\StackCalculatorApp.Library.csproj", "{0E999816-3E68-4E3F-9E36-90242B5EF4D5}"
EndProject
Global
	GlobalSection(SolutionConfigurationPlatforms) = preSolution
		Debug|Any CPU = Debug|Any CPU
		Release|Any CPU = Release|Any CPU
	EndGlobalSection
	GlobalSection(ProjectConfigurationPlatforms) = postSolution
		{44E14542-C141-4F79-AF94-FA92947C8037}.Debug|Any CPU.ActiveCfg = Debug|Any CPU
		{44E14542-C141-4F79-AF94-FA92947C8037}.Debug|Any CPU.Build.0 = Debug|Any CPU
		{44E14542-C141-4F79-AF94-FA92947C8037}.Release|Any CPU.ActiveCfg = Release|Any CPU
		{44E14542-C141-4F79-AF94-FA92947C8037}.Release|Any CPU.Build.0 = Release|Any CPU
		{0E999816-3E68-4E3F-9E36-90242B5EF4D5}.Debug|Any CPU.ActiveCfg = Debug|Any CPU
		{0E999816-3E68-4E3F-9E36-90242B5EF4D5}.Debug|Any CPU.Build.0 = Debug|Any CPU
		{0E999816-3E68-4E3F-9E36-90242B5EF4D5}.Release|Any CPU.ActiveCfg = Release|Any CPU
		{0E999816-3E68-4E3F-9E36-90242B5EF4D5}.Release|Any CPU.Build.0 = Release|Any CPU
	EndGlobalSection
	GlobalSection(SolutionProperties) = preSolution
		HideSolutionNode = FALSE
	EndGlobalSection
	GlobalSection(ExtensibilityGlobals) = postSolution
		SolutionGuid = {5F7EB2A9-1B96-4CE4-849D-1AD97B0782D3}
	EndGlobalSection
EndGlobal
